{
  "version": 4,
  "terraform_version": "1.10.4",
  "serial": 3,
  "lineage": "7e98b0d8-f0b7-60aa-684b-180b6e413dd8",
  "outputs": {
    "instance_name": {
      "value": "ai-agent-instance",
      "type": "string"
    },
    "instance_public_ip": {
      "value": "54.165.25.96",
      "type": "string"
    },
    "static_ip_name": {
      "value": "ai-agent-static-ip",
      "type": "string"
    }
  },
  "resources": [
    {
      "mode": "managed",
      "type": "aws_lightsail_static_ip",
      "name": "static_ip",
      "provider": "provider[\"registry.terraform.io/hashicorp/aws\"]",
      "instances": [
        {
          "schema_version": 0,
          "attributes": {
            "arn": "arn:aws:lightsail:us-east-1:619071338778:StaticIp/bbffec70-8a47-47d7-b1c4-1108b8ab80d9",
            "id": "ai-agent-static-ip",
            "ip_address": "54.165.25.96",
            "name": "ai-agent-static-ip",
            "support_code": "831926618694/54.165.25.96"
          },
          "sensitive_attributes": [],
          "private": "bnVsbA=="
        }
      ]
    }
  ],
  "check_results": null
}
