{
  "version": 4,
  "terraform_version": "1.10.4",
  "serial": 6,
  "lineage": "7e98b0d8-f0b7-60aa-684b-180b6e413dd8",
  "outputs": {
    "instance_name": {
      "value": "ai-agent-instance",
      "type": "string"
    },
    "instance_public_ip": {
      "value": "54.165.25.96",
      "type": "string"
    },
    "static_ip_name": {
      "value": "ai-agent-static-ip",
      "type": "string"
    }
  },
  "resources": [
    {
      "mode": "managed",
      "type": "aws_lightsail_instance",
      "name": "ai_agent",
      "provider": "provider[\"registry.terraform.io/hashicorp/aws\"]",
      "instances": [
        {
          "schema_version": 0,
          "attributes": {
            "add_on": [],
            "arn": "arn:aws:lightsail:us-east-1:619071338778:Instance/54139c31-b843-45db-ac11-181415d6c0b3",
            "availability_zone": "us-east-1a",
            "blueprint_id": "ubuntu_22_04",
            "bundle_id": "nano_2_0",
            "cpu_count": 1,
            "created_at": "2025-01-14T12:41:30Z",
            "id": "ai-agent-instance",
            "ip_address_type": "dualstack",
            "ipv6_addresses": [
              "2600:1f18:3618:f400:edcb:c82a:8ef6:79d6"
            ],
            "is_static_ip": false,
            "key_pair_name": "ai-agent",
            "name": "ai-agent-instance",
            "private_ip_address": "172.26.5.249",
            "public_ip_address": "3.230.147.25",
            "ram_size": 0.5,
            "tags": null,
            "tags_all": {},
            "user_data": "#!/bin/bash\r\nsudo apt update\r\nsudo apt install -y python3-pip curl\r\ncurl -sSL https://install.python-poetry.org | python3 -\r\nexport PATH=\"$HOME/.local/bin:$PATH\"\r\nmkdir -p /home/ubuntu/ai_agent\r\ncd /home/ubuntu/ai_agent\r\ntar -xzf /home/ubuntu/project.tar.gz\r\npoetry install\r\npoetry run python app.py\r\n",
            "username": "ubuntu"
          },
          "sensitive_attributes": [],
          "private": "bnVsbA=="
        }
      ]
    },
    {
      "mode": "managed",
      "type": "aws_lightsail_static_ip",
      "name": "static_ip",
      "provider": "provider[\"registry.terraform.io/hashicorp/aws\"]",
      "instances": [
        {
          "schema_version": 0,
          "attributes": {
            "arn": "arn:aws:lightsail:us-east-1:619071338778:StaticIp/bbffec70-8a47-47d7-b1c4-1108b8ab80d9",
            "id": "ai-agent-static-ip",
            "ip_address": "54.165.25.96",
            "name": "ai-agent-static-ip",
            "support_code": "831926618694/54.165.25.96"
          },
          "sensitive_attributes": [],
          "private": "bnVsbA=="
        }
      ]
    },
    {
      "mode": "managed",
      "type": "aws_lightsail_static_ip_attachment",
      "name": "ip_attachment",
      "provider": "provider[\"registry.terraform.io/hashicorp/aws\"]",
      "instances": [
        {
          "schema_version": 0,
          "attributes": {
            "id": "ai-agent-static-ip",
            "instance_name": "ai-agent-instance",
            "ip_address": "54.165.25.96",
            "static_ip_name": "ai-agent-static-ip"
          },
          "sensitive_attributes": [],
          "private": "bnVsbA==",
          "dependencies": [
            "aws_lightsail_instance.ai_agent",
            "aws_lightsail_static_ip.static_ip"
          ]
        }
      ]
    }
  ],
  "check_results": null
}
